
Microsoft Visual Studio Solution File, Format Version 12.00
# Visual Studio 14
VisualStudioVersion = 14.0.25420.1
MinimumVisualStudioVersion = 10.0.40219.1
Project("{FAE04EC0-301F-11D3-BF4B-00C04F79EFBC}") = "Cur_21_MVVM", "Cur_21_MVVM\Cur_21_MVVM\Cur_21_MVVM.csproj", "{D284D239-EE37-492D-8713-E644A58C3012}"
EndProject
Project("{FAE04EC0-301F-11D3-BF4B-00C04F79EFBC}") = "Cur_21_MVVM.Droid", "Cur_21_MVVM\Cur_21_MVVM.Droid\Cur_21_MVVM.Droid.csproj", "{F44C9BCD-06B8-469F-8052-F37192C92D49}"
EndProject
Project("{FAE04EC0-301F-11D3-BF4B-00C04F79EFBC}") = "Cur_21_MVVM.iOS", "Cur_21_MVVM\Cur_21_MVVM.iOS\Cur_21_MVVM.iOS.csproj", "{8B1DD7AE-FFC5-45C4-88B1-9FCE55F1B95D}"
EndProject
Project("{FAE04EC0-301F-11D3-BF4B-00C04F79EFBC}") = "Cur_21_MVVM.WinPhone", "Cur_21_MVVM\Cur_21_MVVM.WinPhone\Cur_21_MVVM.WinPhone.csproj", "{C69EF106-373C-44DA-A8B2-9BAF9BF9698D}"
EndProject
Project("{FAE04EC0-301F-11D3-BF4B-00C04F79EFBC}") = "Cur_21_MVVM.Windows", "Cur_21_MVVM\Cur_21_MVVM.Windows\Cur_21_MVVM.Windows.csproj", "{F1FDCA66-3FC8-45EB-A0BA-0C92D7D71CD1}"
EndProject
Project("{FAE04EC0-301F-11D3-BF4B-00C04F79EFBC}") = "WebServices", "WebServices\WebServices.csproj", "{387BE2DF-C27F-49D2-83E4-B529E99933EF}"
EndProject
Global
	GlobalSection(SolutionConfigurationPlatforms) = preSolution
		Ad-Hoc|Any CPU = Ad-Hoc|Any CPU
		Ad-Hoc|ARM = Ad-Hoc|ARM
		Ad-Hoc|iPhone = Ad-Hoc|iPhone
		Ad-Hoc|iPhoneSimulator = Ad-Hoc|iPhoneSimulator
		Ad-Hoc|x64 = Ad-Hoc|x64
		Ad-Hoc|x86 = Ad-Hoc|x86
		AppStore|Any CPU = AppStore|Any CPU
		AppStore|ARM = AppStore|ARM
		AppStore|iPhone = AppStore|iPhone
		AppStore|iPhoneSimulator = AppStore|iPhoneSimulator
		AppStore|x64 = AppStore|x64
		AppStore|x86 = AppStore|x86
		Debug|Any CPU = Debug|Any CPU
		Debug|ARM = Debug|ARM
		Debug|iPhone = Debug|iPhone
		Debug|iPhoneSimulator = Debug|iPhoneSimulator
		Debug|x64 = Debug|x64
		Debug|x86 = Debug|x86
		Release|Any CPU = Release|Any CPU
		Release|ARM = Release|ARM
		Release|iPhone = Release|iPhone
		Release|iPhoneSimulator = Release|iPhoneSimulator
		Release|x64 = Release|x64
		Release|x86 = Release|x86
	EndGlobalSection
	GlobalSection(ProjectConfigurationPlatforms) = postSolution
		{D284D239-EE37-492D-8713-E644A58C3012}.Ad-Hoc|Any CPU.ActiveCfg = Release|Any CPU
		{D284D239-EE37-492D-8713-E644A58C3012}.Ad-Hoc|Any CPU.Build.0 = Release|Any CPU
		{D284D239-EE37-492D-8713-E644A58C3012}.Ad-Hoc|ARM.ActiveCfg = Release|Any CPU
		{D284D239-EE37-492D-8713-E644A58C3012}.Ad-Hoc|ARM.Build.0 = Release|Any CPU
		{D284D239-EE37-492D-8713-E644A58C3012}.Ad-Hoc|iPhone.ActiveCfg = Release|Any CPU
		{D284D239-EE37-492D-8713-E644A58C3012}.Ad-Hoc|iPhone.Build.0 = Release|Any CPU
		{D284D239-EE37-492D-8713-E644A58C3012}.Ad-Hoc|iPhoneSimulator.ActiveCfg = Release|Any CPU
		{D284D239-EE37-492D-8713-E644A58C3012}.Ad-Hoc|iPhoneSimulator.Build.0 = Release|Any CPU
		{D284D239-EE37-492D-8713-E644A58C3012}.Ad-Hoc|x64.ActiveCfg = Release|Any CPU
		{D284D239-EE37-492D-8713-E644A58C3012}.Ad-Hoc|x64.Build.0 = Release|Any CPU
		{D284D239-EE37-492D-8713-E644A58C3012}.Ad-Hoc|x86.ActiveCfg = Release|Any CPU
		{D284D239-EE37-492D-8713-E644A58C3012}.Ad-Hoc|x86.Build.0 = Release|Any CPU
		{D284D239-EE37-492D-8713-E644A58C3012}.AppStore|Any CPU.ActiveCfg = Release|Any CPU
		{D284D239-EE37-492D-8713-E644A58C3012}.AppStore|Any CPU.Build.0 = Release|Any CPU
		{D284D239-EE37-492D-8713-E644A58C3012}.AppStore|ARM.ActiveCfg = Release|Any CPU
		{D284D239-EE37-492D-8713-E644A58C3012}.AppStore|ARM.Build.0 = Release|Any CPU
		{D284D239-EE37-492D-8713-E644A58C3012}.AppStore|iPhone.ActiveCfg = Release|Any CPU
		{D284D239-EE37-492D-8713-E644A58C3012}.AppStore|iPhone.Build.0 = Release|Any CPU
		{D284D239-EE37-492D-8713-E644A58C3012}.AppStore|iPhoneSimulator.ActiveCfg = Release|Any CPU
		{D284D239-EE37-492D-8713-E644A58C3012}.AppStore|iPhoneSimulator.Build.0 = Release|Any CPU
		{D284D239-EE37-492D-8713-E644A58C3012}.AppStore|x64.ActiveCfg = Release|Any CPU
		{D284D239-EE37-492D-8713-E644A58C3012}.AppStore|x64.Build.0 = Release|Any CPU
		{D284D239-EE37-492D-8713-E644A58C3012}.AppStore|x86.ActiveCfg = Release|Any CPU
		{D284D239-EE37-492D-8713-E644A58C3012}.AppStore|x86.Build.0 = Release|Any CPU
		{D284D239-EE37-492D-8713-E644A58C3012}.Debug|Any CPU.ActiveCfg = Debug|Any CPU
		{D284D239-EE37-492D-8713-E644A58C3012}.Debug|Any CPU.Build.0 = Debug|Any CPU
		{D284D239-EE37-492D-8713-E644A58C3012}.Debug|ARM.ActiveCfg = Debug|Any CPU
		{D284D239-EE37-492D-8713-E644A58C3012}.Debug|ARM.Build.0 = Debug|Any CPU
		{D284D239-EE37-492D-8713-E644A58C3012}.Debug|iPhone.ActiveCfg = Debug|Any CPU
		{D284D239-EE37-492D-8713-E644A58C3012}.Debug|iPhone.Build.0 = Debug|Any CPU
		{D284D239-EE37-492D-8713-E644A58C3012}.Debug|iPhoneSimulator.ActiveCfg = Debug|Any CPU
		{D284D239-EE37-492D-8713-E644A58C3012}.Debug|iPhoneSimulator.Build.0 = Debug|Any CPU
		{D284D239-EE37-492D-8713-E644A58C3012}.Debug|x64.ActiveCfg = Debug|Any CPU
		{D284D239-EE37-492D-8713-E644A58C3012}.Debug|x64.Build.0 = Debug|Any CPU
		{D284D239-EE37-492D-8713-E644A58C3012}.Debug|x86.ActiveCfg = Debug|Any CPU
		{D284D239-EE37-492D-8713-E644A58C3012}.Debug|x86.Build.0 = Debug|Any CPU
		{D284D239-EE37-492D-8713-E644A58C3012}.Release|Any CPU.ActiveCfg = Release|Any CPU
		{D284D239-EE37-492D-8713-E644A58C3012}.Release|Any CPU.Build.0 = Release|Any CPU
		{D284D239-EE37-492D-8713-E644A58C3012}.Release|ARM.ActiveCfg = Release|Any CPU
		{D284D239-EE37-492D-8713-E644A58C3012}.Release|ARM.Build.0 = Release|Any CPU
		{D284D239-EE37-492D-8713-E644A58C3012}.Release|iPhone.ActiveCfg = Release|Any CPU
		{D284D239-EE37-492D-8713-E644A58C3012}.Release|iPhone.Build.0 = Release|Any CPU
		{D284D239-EE37-492D-8713-E644A58C3012}.Release|iPhoneSimulator.ActiveCfg = Release|Any CPU
		{D284D239-EE37-492D-8713-E644A58C3012}.Release|iPhoneSimulator.Build.0 = Release|Any CPU
		{D284D239-EE37-492D-8713-E644A58C3012}.Release|x64.ActiveCfg = Release|Any CPU
		{D284D239-EE37-492D-8713-E644A58C3012}.Release|x64.Build.0 = Release|Any CPU
		{D284D239-EE37-492D-8713-E644A58C3012}.Release|x86.ActiveCfg = Release|Any CPU
		{D284D239-EE37-492D-8713-E644A58C3012}.Release|x86.Build.0 = Release|Any CPU
		{F44C9BCD-06B8-469F-8052-F37192C92D49}.Ad-Hoc|Any CPU.ActiveCfg = Release|Any CPU
		{F44C9BCD-06B8-469F-8052-F37192C92D49}.Ad-Hoc|Any CPU.Build.0 = Release|Any CPU
		{F44C9BCD-06B8-469F-8052-F37192C92D49}.Ad-Hoc|Any CPU.Deploy.0 = Release|Any CPU
		{F44C9BCD-06B8-469F-8052-F37192C92D49}.Ad-Hoc|ARM.ActiveCfg = Release|Any CPU
		{F44C9BCD-06B8-469F-8052-F37192C92D49}.Ad-Hoc|ARM.Build.0 = Release|Any CPU
		{F44C9BCD-06B8-469F-8052-F37192C92D49}.Ad-Hoc|ARM.Deploy.0 = Release|Any CPU
		{F44C9BCD-06B8-469F-8052-F37192C92D49}.Ad-Hoc|iPhone.ActiveCfg = Release|Any CPU
		{F44C9BCD-06B8-469F-8052-F37192C92D49}.Ad-Hoc|iPhone.Build.0 = Release|Any CPU
		{F44C9BCD-06B8-469F-8052-F37192C92D49}.Ad-Hoc|iPhone.Deploy.0 = Release|Any CPU
		{F44C9BCD-06B8-469F-8052-F37192C92D49}.Ad-Hoc|iPhoneSimulator.ActiveCfg = Release|Any CPU
		{F44C9BCD-06B8-469F-8052-F37192C92D49}.Ad-Hoc|iPhoneSimulator.Build.0 = Release|Any CPU
		{F44C9BCD-06B8-469F-8052-F37192C92D49}.Ad-Hoc|iPhoneSimulator.Deploy.0 = Release|Any CPU
		{F44C9BCD-06B8-469F-8052-F37192C92D49}.Ad-Hoc|x64.ActiveCfg = Release|Any CPU
		{F44C9BCD-06B8-469F-8052-F37192C92D49}.Ad-Hoc|x64.Build.0 = Release|Any CPU
		{F44C9BCD-06B8-469F-8052-F37192C92D49}.Ad-Hoc|x64.Deploy.0 = Release|Any CPU
		{F44C9BCD-06B8-469F-8052-F37192C92D49}.Ad-Hoc|x86.ActiveCfg = Release|Any CPU
		{F44C9BCD-06B8-469F-8052-F37192C92D49}.Ad-Hoc|x86.Build.0 = Release|Any CPU
		{F44C9BCD-06B8-469F-8052-F37192C92D49}.Ad-Hoc|x86.Deploy.0 = Release|Any CPU
		{F44C9BCD-06B8-469F-8052-F37192C92D49}.AppStore|Any CPU.ActiveCfg = Release|Any CPU
		{F44C9BCD-06B8-469F-8052-F37192C92D49}.AppStore|Any CPU.Build.0 = Release|Any CPU
		{F44C9BCD-06B8-469F-8052-F37192C92D49}.AppStore|Any CPU.Deploy.0 = Release|Any CPU
		{F44C9BCD-06B8-469F-8052-F37192C92D49}.AppStore|ARM.ActiveCfg = Release|Any CPU
		{F44C9BCD-06B8-469F-8052-F37192C92D49}.AppStore|ARM.Build.0 = Release|Any CPU
		{F44C9BCD-06B8-469F-8052-F37192C92D49}.AppStore|ARM.Deploy.0 = Release|Any CPU
		{F44C9BCD-06B8-469F-8052-F37192C92D49}.AppStore|iPhone.ActiveCfg = Release|Any CPU
		{F44C9BCD-06B8-469F-8052-F37192C92D49}.AppStore|iPhone.Build.0 = Release|Any CPU
		{F44C9BCD-06B8-469F-8052-F37192C92D49}.AppStore|iPhone.Deploy.0 = Release|Any CPU
		{F44C9BCD-06B8-469F-8052-F37192C92D49}.AppStore|iPhoneSimulator.ActiveCfg = Release|Any CPU
		{F44C9BCD-06B8-469F-8052-F37192C92D49}.AppStore|iPhoneSimulator.Build.0 = Release|Any CPU
		{F44C9BCD-06B8-469F-8052-F37192C92D49}.AppStore|iPhoneSimulator.Deploy.0 = Release|Any CPU
		{F44C9BCD-06B8-469F-8052-F37192C92D49}.AppStore|x64.ActiveCfg = Release|Any CPU
		{F44C9BCD-06B8-469F-8052-F37192C92D49}.AppStore|x64.Build.0 = Release|Any CPU
		{F44C9BCD-06B8-469F-8052-F37192C92D49}.AppStore|x64.Deploy.0 = Release|Any CPU
		{F44C9BCD-06B8-469F-8052-F37192C92D49}.AppStore|x86.ActiveCfg = Release|Any CPU
		{F44C9BCD-06B8-469F-8052-F37192C92D49}.AppStore|x86.Build.0 = Release|Any CPU
		{F44C9BCD-06B8-469F-8052-F37192C92D49}.AppStore|x86.Deploy.0 = Release|Any CPU
		{F44C9BCD-06B8-469F-8052-F37192C92D49}.Debug|Any CPU.ActiveCfg = Debug|Any CPU
		{F44C9BCD-06B8-469F-8052-F37192C92D49}.Debug|Any CPU.Build.0 = Debug|Any CPU
		{F44C9BCD-06B8-469F-8052-F37192C92D49}.Debug|Any CPU.Deploy.0 = Debug|Any CPU
		{F44C9BCD-06B8-469F-8052-F37192C92D49}.Debug|ARM.ActiveCfg = Debug|Any CPU
		{F44C9BCD-06B8-469F-8052-F37192C92D49}.Debug|ARM.Build.0 = Debug|Any CPU
		{F44C9BCD-06B8-469F-8052-F37192C92D49}.Debug|ARM.Deploy.0 = Debug|Any CPU
		{F44C9BCD-06B8-469F-8052-F37192C92D49}.Debug|iPhone.ActiveCfg = Debug|Any CPU
		{F44C9BCD-06B8-469F-8052-F37192C92D49}.Debug|iPhone.Build.0 = Debug|Any CPU
		{F44C9BCD-06B8-469F-8052-F37192C92D49}.Debug|iPhone.Deploy.0 = Debug|Any CPU
		{F44C9BCD-06B8-469F-8052-F37192C92D49}.Debug|iPhoneSimulator.ActiveCfg = Debug|Any CPU
		{F44C9BCD-06B8-469F-8052-F37192C92D49}.Debug|iPhoneSimulator.Build.0 = Debug|Any CPU
		{F44C9BCD-06B8-469F-8052-F37192C92D49}.Debug|iPhoneSimulator.Deploy.0 = Debug|Any CPU
		{F44C9BCD-06B8-469F-8052-F37192C92D49}.Debug|x64.ActiveCfg = Debug|Any CPU
		{F44C9BCD-06B8-469F-8052-F37192C92D49}.Debug|x64.Build.0 = Debug|Any CPU
		{F44C9BCD-06B8-469F-8052-F37192C92D49}.Debug|x64.Deploy.0 = Debug|Any CPU
		{F44C9BCD-06B8-469F-8052-F37192C92D49}.Debug|x86.ActiveCfg = Debug|Any CPU
		{F44C9BCD-06B8-469F-8052-F37192C92D49}.Debug|x86.Build.0 = Debug|Any CPU
		{F44C9BCD-06B8-469F-8052-F37192C92D49}.Debug|x86.Deploy.0 = Debug|Any CPU
		{F44C9BCD-06B8-469F-8052-F37192C92D49}.Release|Any CPU.ActiveCfg = Release|Any CPU
		{F44C9BCD-06B8-469F-8052-F37192C92D49}.Release|Any CPU.Build.0 = Release|Any CPU
		{F44C9BCD-06B8-469F-8052-F37192C92D49}.Release|Any CPU.Deploy.0 = Release|Any CPU
		{F44C9BCD-06B8-469F-8052-F37192C92D49}.Release|ARM.ActiveCfg = Release|Any CPU
		{F44C9BCD-06B8-469F-8052-F37192C92D49}.Release|ARM.Build.0 = Release|Any CPU
		{F44C9BCD-06B8-469F-8052-F37192C92D49}.Release|ARM.Deploy.0 = Release|Any CPU
		{F44C9BCD-06B8-469F-8052-F37192C92D49}.Release|iPhone.ActiveCfg = Release|Any CPU
		{F44C9BCD-06B8-469F-8052-F37192C92D49}.Release|iPhone.Build.0 = Release|Any CPU
		{F44C9BCD-06B8-469F-8052-F37192C92D49}.Release|iPhone.Deploy.0 = Release|Any CPU
		{F44C9BCD-06B8-469F-8052-F37192C92D49}.Release|iPhoneSimulator.ActiveCfg = Release|Any CPU
		{F44C9BCD-06B8-469F-8052-F37192C92D49}.Release|iPhoneSimulator.Build.0 = Release|Any CPU
		{F44C9BCD-06B8-469F-8052-F37192C92D49}.Release|iPhoneSimulator.Deploy.0 = Release|Any CPU
		{F44C9BCD-06B8-469F-8052-F37192C92D49}.Release|x64.ActiveCfg = Release|Any CPU
		{F44C9BCD-06B8-469F-8052-F37192C92D49}.Release|x64.Build.0 = Release|Any CPU
		{F44C9BCD-06B8-469F-8052-F37192C92D49}.Release|x64.Deploy.0 = Release|Any CPU
		{F44C9BCD-06B8-469F-8052-F37192C92D49}.Release|x86.ActiveCfg = Release|Any CPU
		{F44C9BCD-06B8-469F-8052-F37192C92D49}.Release|x86.Build.0 = Release|Any CPU
		{F44C9BCD-06B8-469F-8052-F37192C92D49}.Release|x86.Deploy.0 = Release|Any CPU
		{8B1DD7AE-FFC5-45C4-88B1-9FCE55F1B95D}.Ad-Hoc|Any CPU.ActiveCfg = Ad-Hoc|iPhone
		{8B1DD7AE-FFC5-45C4-88B1-9FCE55F1B95D}.Ad-Hoc|ARM.ActiveCfg = Ad-Hoc|iPhone
		{8B1DD7AE-FFC5-45C4-88B1-9FCE55F1B95D}.Ad-Hoc|iPhone.ActiveCfg = Ad-Hoc|iPhone
		{8B1DD7AE-FFC5-45C4-88B1-9FCE55F1B95D}.Ad-Hoc|iPhone.Build.0 = Ad-Hoc|iPhone
		{8B1DD7AE-FFC5-45C4-88B1-9FCE55F1B95D}.Ad-Hoc|iPhoneSimulator.ActiveCfg = Ad-Hoc|iPhoneSimulator
		{8B1DD7AE-FFC5-45C4-88B1-9FCE55F1B95D}.Ad-Hoc|iPhoneSimulator.Build.0 = Ad-Hoc|iPhoneSimulator
		{8B1DD7AE-FFC5-45C4-88B1-9FCE55F1B95D}.Ad-Hoc|x64.ActiveCfg = Ad-Hoc|iPhone
		{8B1DD7AE-FFC5-45C4-88B1-9FCE55F1B95D}.Ad-Hoc|x86.ActiveCfg = Ad-Hoc|iPhone
		{8B1DD7AE-FFC5-45C4-88B1-9FCE55F1B95D}.AppStore|Any CPU.ActiveCfg = AppStore|iPhone
		{8B1DD7AE-FFC5-45C4-88B1-9FCE55F1B95D}.AppStore|ARM.ActiveCfg = AppStore|iPhone
		{8B1DD7AE-FFC5-45C4-88B1-9FCE55F1B95D}.AppStore|iPhone.ActiveCfg = AppStore|iPhone
		{8B1DD7AE-FFC5-45C4-88B1-9FCE55F1B95D}.AppStore|iPhone.Build.0 = AppStore|iPhone
		{8B1DD7AE-FFC5-45C4-88B1-9FCE55F1B95D}.AppStore|iPhoneSimulator.ActiveCfg = AppStore|iPhoneSimulator
		{8B1DD7AE-FFC5-45C4-88B1-9FCE55F1B95D}.AppStore|iPhoneSimulator.Build.0 = AppStore|iPhoneSimulator
		{8B1DD7AE-FFC5-45C4-88B1-9FCE55F1B95D}.AppStore|x64.ActiveCfg = AppStore|iPhone
		{8B1DD7AE-FFC5-45C4-88B1-9FCE55F1B95D}.AppStore|x86.ActiveCfg = AppStore|iPhone
		{8B1DD7AE-FFC5-45C4-88B1-9FCE55F1B95D}.Debug|Any CPU.ActiveCfg = Debug|iPhone
		{8B1DD7AE-FFC5-45C4-88B1-9FCE55F1B95D}.Debug|ARM.ActiveCfg = Debug|iPhone
		{8B1DD7AE-FFC5-45C4-88B1-9FCE55F1B95D}.Debug|iPhone.ActiveCfg = Debug|iPhone
		{8B1DD7AE-FFC5-45C4-88B1-9FCE55F1B95D}.Debug|iPhone.Build.0 = Debug|iPhone
		{8B1DD7AE-FFC5-45C4-88B1-9FCE55F1B95D}.Debug|iPhoneSimulator.ActiveCfg = Debug|iPhoneSimulator
		{8B1DD7AE-FFC5-45C4-88B1-9FCE55F1B95D}.Debug|iPhoneSimulator.Build.0 = Debug|iPhoneSimulator
		{8B1DD7AE-FFC5-45C4-88B1-9FCE55F1B95D}.Debug|x64.ActiveCfg = Debug|iPhone
		{8B1DD7AE-FFC5-45C4-88B1-9FCE55F1B95D}.Debug|x86.ActiveCfg = Debug|iPhone
		{8B1DD7AE-FFC5-45C4-88B1-9FCE55F1B95D}.Release|Any CPU.ActiveCfg = Release|iPhone
		{8B1DD7AE-FFC5-45C4-88B1-9FCE55F1B95D}.Release|ARM.ActiveCfg = Release|iPhone
		{8B1DD7AE-FFC5-45C4-88B1-9FCE55F1B95D}.Release|iPhone.ActiveCfg = Release|iPhone
		{8B1DD7AE-FFC5-45C4-88B1-9FCE55F1B95D}.Release|iPhone.Build.0 = Release|iPhone
		{8B1DD7AE-FFC5-45C4-88B1-9FCE55F1B95D}.Release|iPhoneSimulator.ActiveCfg = Release|iPhoneSimulator
		{8B1DD7AE-FFC5-45C4-88B1-9FCE55F1B95D}.Release|iPhoneSimulator.Build.0 = Release|iPhoneSimulator
		{8B1DD7AE-FFC5-45C4-88B1-9FCE55F1B95D}.Release|x64.ActiveCfg = Release|iPhone
		{8B1DD7AE-FFC5-45C4-88B1-9FCE55F1B95D}.Release|x86.ActiveCfg = Release|iPhone
		{C69EF106-373C-44DA-A8B2-9BAF9BF9698D}.Ad-Hoc|Any CPU.ActiveCfg = Release|Any CPU
		{C69EF106-373C-44DA-A8B2-9BAF9BF9698D}.Ad-Hoc|Any CPU.Build.0 = Release|Any CPU
		{C69EF106-373C-44DA-A8B2-9BAF9BF9698D}.Ad-Hoc|Any CPU.Deploy.0 = Release|Any CPU
		{C69EF106-373C-44DA-A8B2-9BAF9BF9698D}.Ad-Hoc|ARM.ActiveCfg = Release|ARM
		{C69EF106-373C-44DA-A8B2-9BAF9BF9698D}.Ad-Hoc|ARM.Build.0 = Release|ARM
		{C69EF106-373C-44DA-A8B2-9BAF9BF9698D}.Ad-Hoc|ARM.Deploy.0 = Release|ARM
		{C69EF106-373C-44DA-A8B2-9BAF9BF9698D}.Ad-Hoc|iPhone.ActiveCfg = Release|Any CPU
		{C69EF106-373C-44DA-A8B2-9BAF9BF9698D}.Ad-Hoc|iPhone.Build.0 = Release|Any CPU
		{C69EF106-373C-44DA-A8B2-9BAF9BF9698D}.Ad-Hoc|iPhone.Deploy.0 = Release|Any CPU
		{C69EF106-373C-44DA-A8B2-9BAF9BF9698D}.Ad-Hoc|iPhoneSimulator.ActiveCfg = Release|Any CPU
		{C69EF106-373C-44DA-A8B2-9BAF9BF9698D}.Ad-Hoc|iPhoneSimulator.Build.0 = Release|Any CPU
		{C69EF106-373C-44DA-A8B2-9BAF9BF9698D}.Ad-Hoc|iPhoneSimulator.Deploy.0 = Release|Any CPU
		{C69EF106-373C-44DA-A8B2-9BAF9BF9698D}.Ad-Hoc|x64.ActiveCfg = Release|Any CPU
		{C69EF106-373C-44DA-A8B2-9BAF9BF9698D}.Ad-Hoc|x64.Build.0 = Release|Any CPU
		{C69EF106-373C-44DA-A8B2-9BAF9BF9698D}.Ad-Hoc|x64.Deploy.0 = Release|Any CPU
		{C69EF106-373C-44DA-A8B2-9BAF9BF9698D}.Ad-Hoc|x86.ActiveCfg = Release|x86
		{C69EF106-373C-44DA-A8B2-9BAF9BF9698D}.Ad-Hoc|x86.Build.0 = Release|x86
		{C69EF106-373C-44DA-A8B2-9BAF9BF9698D}.Ad-Hoc|x86.Deploy.0 = Release|x86
		{C69EF106-373C-44DA-A8B2-9BAF9BF9698D}.AppStore|Any CPU.ActiveCfg = Release|Any CPU
		{C69EF106-373C-44DA-A8B2-9BAF9BF9698D}.AppStore|Any CPU.Build.0 = Release|Any CPU
		{C69EF106-373C-44DA-A8B2-9BAF9BF9698D}.AppStore|Any CPU.Deploy.0 = Release|Any CPU
		{C69EF106-373C-44DA-A8B2-9BAF9BF9698D}.AppStore|ARM.ActiveCfg = Release|ARM
		{C69EF106-373C-44DA-A8B2-9BAF9BF9698D}.AppStore|ARM.Build.0 = Release|ARM
		{C69EF106-373C-44DA-A8B2-9BAF9BF9698D}.AppStore|ARM.Deploy.0 = Release|ARM
		{C69EF106-373C-44DA-A8B2-9BAF9BF9698D}.AppStore|iPhone.ActiveCfg = Release|Any CPU
		{C69EF106-373C-44DA-A8B2-9BAF9BF9698D}.AppStore|iPhone.Build.0 = Release|Any CPU
		{C69EF106-373C-44DA-A8B2-9BAF9BF9698D}.AppStore|iPhone.Deploy.0 = Release|Any CPU
		{C69EF106-373C-44DA-A8B2-9BAF9BF9698D}.AppStore|iPhoneSimulator.ActiveCfg = Release|Any CPU
		{C69EF106-373C-44DA-A8B2-9BAF9BF9698D}.AppStore|iPhoneSimulator.Build.0 = Release|Any CPU
		{C69EF106-373C-44DA-A8B2-9BAF9BF9698D}.AppStore|iPhoneSimulator.Deploy.0 = Release|Any CPU
		{C69EF106-373C-44DA-A8B2-9BAF9BF9698D}.AppStore|x64.ActiveCfg = Release|Any CPU
		{C69EF106-373C-44DA-A8B2-9BAF9BF9698D}.AppStore|x64.Build.0 = Release|Any CPU
		{C69EF106-373C-44DA-A8B2-9BAF9BF9698D}.AppStore|x64.Deploy.0 = Release|Any CPU
		{C69EF106-373C-44DA-A8B2-9BAF9BF9698D}.AppStore|x86.ActiveCfg = Release|x86
		{C69EF106-373C-44DA-A8B2-9BAF9BF9698D}.AppStore|x86.Build.0 = Release|x86
		{C69EF106-373C-44DA-A8B2-9BAF9BF9698D}.AppStore|x86.Deploy.0 = Release|x86
		{C69EF106-373C-44DA-A8B2-9BAF9BF9698D}.Debug|Any CPU.ActiveCfg = Debug|Any CPU
		{C69EF106-373C-44DA-A8B2-9BAF9BF9698D}.Debug|Any CPU.Build.0 = Debug|Any CPU
		{C69EF106-373C-44DA-A8B2-9BAF9BF9698D}.Debug|Any CPU.Deploy.0 = Debug|Any CPU
		{C69EF106-373C-44DA-A8B2-9BAF9BF9698D}.Debug|ARM.ActiveCfg = Debug|ARM
		{C69EF106-373C-44DA-A8B2-9BAF9BF9698D}.Debug|ARM.Build.0 = Debug|ARM
		{C69EF106-373C-44DA-A8B2-9BAF9BF9698D}.Debug|ARM.Deploy.0 = Debug|ARM
		{C69EF106-373C-44DA-A8B2-9BAF9BF9698D}.Debug|iPhone.ActiveCfg = Debug|Any CPU
		{C69EF106-373C-44DA-A8B2-9BAF9BF9698D}.Debug|iPhone.Build.0 = Debug|Any CPU
		{C69EF106-373C-44DA-A8B2-9BAF9BF9698D}.Debug|iPhone.Deploy.0 = Debug|Any CPU
		{C69EF106-373C-44DA-A8B2-9BAF9BF9698D}.Debug|iPhoneSimulator.ActiveCfg = Debug|Any CPU
		{C69EF106-373C-44DA-A8B2-9BAF9BF9698D}.Debug|iPhoneSimulator.Build.0 = Debug|Any CPU
		{C69EF106-373C-44DA-A8B2-9BAF9BF9698D}.Debug|iPhoneSimulator.Deploy.0 = Debug|Any CPU
		{C69EF106-373C-44DA-A8B2-9BAF9BF9698D}.Debug|x64.ActiveCfg = Debug|Any CPU
		{C69EF106-373C-44DA-A8B2-9BAF9BF9698D}.Debug|x64.Build.0 = Debug|Any CPU
		{C69EF106-373C-44DA-A8B2-9BAF9BF9698D}.Debug|x64.Deploy.0 = Debug|Any CPU
		{C69EF106-373C-44DA-A8B2-9BAF9BF9698D}.Debug|x86.ActiveCfg = Debug|x86
		{C69EF106-373C-44DA-A8B2-9BAF9BF9698D}.Debug|x86.Build.0 = Debug|x86
		{C69EF106-373C-44DA-A8B2-9BAF9BF9698D}.Debug|x86.Deploy.0 = Debug|x86
		{C69EF106-373C-44DA-A8B2-9BAF9BF9698D}.Release|Any CPU.ActiveCfg = Release|Any CPU
		{C69EF106-373C-44DA-A8B2-9BAF9BF9698D}.Release|Any CPU.Build.0 = Release|Any CPU
		{C69EF106-373C-44DA-A8B2-9BAF9BF9698D}.Release|Any CPU.Deploy.0 = Release|Any CPU
		{C69EF106-373C-44DA-A8B2-9BAF9BF9698D}.Release|ARM.ActiveCfg = Release|ARM
		{C69EF106-373C-44DA-A8B2-9BAF9BF9698D}.Release|ARM.Build.0 = Release|ARM
		{C69EF106-373C-44DA-A8B2-9BAF9BF9698D}.Release|ARM.Deploy.0 = Release|ARM
		{C69EF106-373C-44DA-A8B2-9BAF9BF9698D}.Release|iPhone.ActiveCfg = Release|Any CPU
		{C69EF106-373C-44DA-A8B2-9BAF9BF9698D}.Release|iPhone.Build.0 = Release|Any CPU
		{C69EF106-373C-44DA-A8B2-9BAF9BF9698D}.Release|iPhone.Deploy.0 = Release|Any CPU
		{C69EF106-373C-44DA-A8B2-9BAF9BF9698D}.Release|iPhoneSimulator.ActiveCfg = Release|Any CPU
		{C69EF106-373C-44DA-A8B2-9BAF9BF9698D}.Release|iPhoneSimulator.Build.0 = Release|Any CPU
		{C69EF106-373C-44DA-A8B2-9BAF9BF9698D}.Release|iPhoneSimulator.Deploy.0 = Release|Any CPU
		{C69EF106-373C-44DA-A8B2-9BAF9BF9698D}.Release|x64.ActiveCfg = Release|Any CPU
		{C69EF106-373C-44DA-A8B2-9BAF9BF9698D}.Release|x64.Build.0 = Release|Any CPU
		{C69EF106-373C-44DA-A8B2-9BAF9BF9698D}.Release|x64.Deploy.0 = Release|Any CPU
		{C69EF106-373C-44DA-A8B2-9BAF9BF9698D}.Release|x86.ActiveCfg = Release|x86
		{C69EF106-373C-44DA-A8B2-9BAF9BF9698D}.Release|x86.Build.0 = Release|x86
		{C69EF106-373C-44DA-A8B2-9BAF9BF9698D}.Release|x86.Deploy.0 = Release|x86
		{F1FDCA66-3FC8-45EB-A0BA-0C92D7D71CD1}.Ad-Hoc|Any CPU.ActiveCfg = Release|Any CPU
		{F1FDCA66-3FC8-45EB-A0BA-0C92D7D71CD1}.Ad-Hoc|Any CPU.Build.0 = Release|Any CPU
		{F1FDCA66-3FC8-45EB-A0BA-0C92D7D71CD1}.Ad-Hoc|Any CPU.Deploy.0 = Release|Any CPU
		{F1FDCA66-3FC8-45EB-A0BA-0C92D7D71CD1}.Ad-Hoc|ARM.ActiveCfg = Release|ARM
		{F1FDCA66-3FC8-45EB-A0BA-0C92D7D71CD1}.Ad-Hoc|ARM.Build.0 = Release|ARM
		{F1FDCA66-3FC8-45EB-A0BA-0C92D7D71CD1}.Ad-Hoc|ARM.Deploy.0 = Release|ARM
		{F1FDCA66-3FC8-45EB-A0BA-0C92D7D71CD1}.Ad-Hoc|iPhone.ActiveCfg = Release|Any CPU
		{F1FDCA66-3FC8-45EB-A0BA-0C92D7D71CD1}.Ad-Hoc|iPhone.Build.0 = Release|Any CPU
		{F1FDCA66-3FC8-45EB-A0BA-0C92D7D71CD1}.Ad-Hoc|iPhone.Deploy.0 = Release|Any CPU
		{F1FDCA66-3FC8-45EB-A0BA-0C92D7D71CD1}.Ad-Hoc|iPhoneSimulator.ActiveCfg = Release|Any CPU
		{F1FDCA66-3FC8-45EB-A0BA-0C92D7D71CD1}.Ad-Hoc|iPhoneSimulator.Build.0 = Release|Any CPU
		{F1FDCA66-3FC8-45EB-A0BA-0C92D7D71CD1}.Ad-Hoc|iPhoneSimulator.Deploy.0 = Release|Any CPU
		{F1FDCA66-3FC8-45EB-A0BA-0C92D7D71CD1}.Ad-Hoc|x64.ActiveCfg = Release|x64
		{F1FDCA66-3FC8-45EB-A0BA-0C92D7D71CD1}.Ad-Hoc|x64.Build.0 = Release|x64
		{F1FDCA66-3FC8-45EB-A0BA-0C92D7D71CD1}.Ad-Hoc|x64.Deploy.0 = Release|x64
		{F1FDCA66-3FC8-45EB-A0BA-0C92D7D71CD1}.Ad-Hoc|x86.ActiveCfg = Release|x86
		{F1FDCA66-3FC8-45EB-A0BA-0C92D7D71CD1}.Ad-Hoc|x86.Build.0 = Release|x86
		{F1FDCA66-3FC8-45EB-A0BA-0C92D7D71CD1}.Ad-Hoc|x86.Deploy.0 = Release|x86
		{F1FDCA66-3FC8-45EB-A0BA-0C92D7D71CD1}.AppStore|Any CPU.ActiveCfg = Release|Any CPU
		{F1FDCA66-3FC8-45EB-A0BA-0C92D7D71CD1}.AppStore|Any CPU.Build.0 = Release|Any CPU
		{F1FDCA66-3FC8-45EB-A0BA-0C92D7D71CD1}.AppStore|Any CPU.Deploy.0 = Release|Any CPU
		{F1FDCA66-3FC8-45EB-A0BA-0C92D7D71CD1}.AppStore|ARM.ActiveCfg = Release|ARM
		{F1FDCA66-3FC8-45EB-A0BA-0C92D7D71CD1}.AppStore|ARM.Build.0 = Release|ARM
		{F1FDCA66-3FC8-45EB-A0BA-0C92D7D71CD1}.AppStore|ARM.Deploy.0 = Release|ARM
		{F1FDCA66-3FC8-45EB-A0BA-0C92D7D71CD1}.AppStore|iPhone.ActiveCfg = Release|Any CPU
		{F1FDCA66-3FC8-45EB-A0BA-0C92D7D71CD1}.AppStore|iPhone.Build.0 = Release|Any CPU
		{F1FDCA66-3FC8-45EB-A0BA-0C92D7D71CD1}.AppStore|iPhone.Deploy.0 = Release|Any CPU
		{F1FDCA66-3FC8-45EB-A0BA-0C92D7D71CD1}.AppStore|iPhoneSimulator.ActiveCfg = Release|Any CPU
		{F1FDCA66-3FC8-45EB-A0BA-0C92D7D71CD1}.AppStore|iPhoneSimulator.Build.0 = Release|Any CPU
		{F1FDCA66-3FC8-45EB-A0BA-0C92D7D71CD1}.AppStore|iPhoneSimulator.Deploy.0 = Release|Any CPU
		{F1FDCA66-3FC8-45EB-A0BA-0C92D7D71CD1}.AppStore|x64.ActiveCfg = Release|x64
		{F1FDCA66-3FC8-45EB-A0BA-0C92D7D71CD1}.AppStore|x64.Build.0 = Release|x64
		{F1FDCA66-3FC8-45EB-A0BA-0C92D7D71CD1}.AppStore|x64.Deploy.0 = Release|x64
		{F1FDCA66-3FC8-45EB-A0BA-0C92D7D71CD1}.AppStore|x86.ActiveCfg = Release|x86
		{F1FDCA66-3FC8-45EB-A0BA-0C92D7D71CD1}.AppStore|x86.Build.0 = Release|x86
		{F1FDCA66-3FC8-45EB-A0BA-0C92D7D71CD1}.AppStore|x86.Deploy.0 = Release|x86
		{F1FDCA66-3FC8-45EB-A0BA-0C92D7D71CD1}.Debug|Any CPU.ActiveCfg = Debug|Any CPU
		{F1FDCA66-3FC8-45EB-A0BA-0C92D7D71CD1}.Debug|Any CPU.Build.0 = Debug|Any CPU
		{F1FDCA66-3FC8-45EB-A0BA-0C92D7D71CD1}.Debug|Any CPU.Deploy.0 = Debug|Any CPU
		{F1FDCA66-3FC8-45EB-A0BA-0C92D7D71CD1}.Debug|ARM.ActiveCfg = Debug|ARM
		{F1FDCA66-3FC8-45EB-A0BA-0C92D7D71CD1}.Debug|ARM.Build.0 = Debug|ARM
		{F1FDCA66-3FC8-45EB-A0BA-0C92D7D71CD1}.Debug|ARM.Deploy.0 = Debug|ARM
		{F1FDCA66-3FC8-45EB-A0BA-0C92D7D71CD1}.Debug|iPhone.ActiveCfg = Debug|Any CPU
		{F1FDCA66-3FC8-45EB-A0BA-0C92D7D71CD1}.Debug|iPhone.Build.0 = Debug|Any CPU
		{F1FDCA66-3FC8-45EB-A0BA-0C92D7D71CD1}.Debug|iPhone.Deploy.0 = Debug|Any CPU
		{F1FDCA66-3FC8-45EB-A0BA-0C92D7D71CD1}.Debug|iPhoneSimulator.ActiveCfg = Debug|Any CPU
		{F1FDCA66-3FC8-45EB-A0BA-0C92D7D71CD1}.Debug|iPhoneSimulator.Build.0 = Debug|Any CPU
		{F1FDCA66-3FC8-45EB-A0BA-0C92D7D71CD1}.Debug|iPhoneSimulator.Deploy.0 = Debug|Any CPU
		{F1FDCA66-3FC8-45EB-A0BA-0C92D7D71CD1}.Debug|x64.ActiveCfg = Debug|x64
		{F1FDCA66-3FC8-45EB-A0BA-0C92D7D71CD1}.Debug|x64.Build.0 = Debug|x64
		{F1FDCA66-3FC8-45EB-A0BA-0C92D7D71CD1}.Debug|x64.Deploy.0 = Debug|x64
		{F1FDCA66-3FC8-45EB-A0BA-0C92D7D71CD1}.Debug|x86.ActiveCfg = Debug|x86
		{F1FDCA66-3FC8-45EB-A0BA-0C92D7D71CD1}.Debug|x86.Build.0 = Debug|x86
		{F1FDCA66-3FC8-45EB-A0BA-0C92D7D71CD1}.Debug|x86.Deploy.0 = Debug|x86
		{F1FDCA66-3FC8-45EB-A0BA-0C92D7D71CD1}.Release|Any CPU.ActiveCfg = Release|Any CPU
		{F1FDCA66-3FC8-45EB-A0BA-0C92D7D71CD1}.Release|Any CPU.Build.0 = Release|Any CPU
		{F1FDCA66-3FC8-45EB-A0BA-0C92D7D71CD1}.Release|Any CPU.Deploy.0 = Release|Any CPU
		{F1FDCA66-3FC8-45EB-A0BA-0C92D7D71CD1}.Release|ARM.ActiveCfg = Release|ARM
		{F1FDCA66-3FC8-45EB-A0BA-0C92D7D71CD1}.Release|ARM.Build.0 = Release|ARM
		{F1FDCA66-3FC8-45EB-A0BA-0C92D7D71CD1}.Release|ARM.Deploy.0 = Release|ARM
		{F1FDCA66-3FC8-45EB-A0BA-0C92D7D71CD1}.Release|iPhone.ActiveCfg = Release|Any CPU
		{F1FDCA66-3FC8-45EB-A0BA-0C92D7D71CD1}.Release|iPhone.Build.0 = Release|Any CPU
		{F1FDCA66-3FC8-45EB-A0BA-0C92D7D71CD1}.Release|iPhone.Deploy.0 = Release|Any CPU
		{F1FDCA66-3FC8-45EB-A0BA-0C92D7D71CD1}.Release|iPhoneSimulator.ActiveCfg = Release|Any CPU
		{F1FDCA66-3FC8-45EB-A0BA-0C92D7D71CD1}.Release|iPhoneSimulator.Build.0 = Release|Any CPU
		{F1FDCA66-3FC8-45EB-A0BA-0C92D7D71CD1}.Release|iPhoneSimulator.Deploy.0 = Release|Any CPU
		{F1FDCA66-3FC8-45EB-A0BA-0C92D7D71CD1}.Release|x64.ActiveCfg = Release|x64
		{F1FDCA66-3FC8-45EB-A0BA-0C92D7D71CD1}.Release|x64.Build.0 = Release|x64
		{F1FDCA66-3FC8-45EB-A0BA-0C92D7D71CD1}.Release|x64.Deploy.0 = Release|x64
		{F1FDCA66-3FC8-45EB-A0BA-0C92D7D71CD1}.Release|x86.ActiveCfg = Release|x86
		{F1FDCA66-3FC8-45EB-A0BA-0C92D7D71CD1}.Release|x86.Build.0 = Release|x86
		{F1FDCA66-3FC8-45EB-A0BA-0C92D7D71CD1}.Release|x86.Deploy.0 = Release|x86
		{387BE2DF-C27F-49D2-83E4-B529E99933EF}.Ad-Hoc|Any CPU.ActiveCfg = Release|Any CPU
		{387BE2DF-C27F-49D2-83E4-B529E99933EF}.Ad-Hoc|Any CPU.Build.0 = Release|Any CPU
		{387BE2DF-C27F-49D2-83E4-B529E99933EF}.Ad-Hoc|ARM.ActiveCfg = Release|Any CPU
		{387BE2DF-C27F-49D2-83E4-B529E99933EF}.Ad-Hoc|ARM.Build.0 = Release|Any CPU
		{387BE2DF-C27F-49D2-83E4-B529E99933EF}.Ad-Hoc|iPhone.ActiveCfg = Release|Any CPU
		{387BE2DF-C27F-49D2-83E4-B529E99933EF}.Ad-Hoc|iPhone.Build.0 = Release|Any CPU
		{387BE2DF-C27F-49D2-83E4-B529E99933EF}.Ad-Hoc|iPhoneSimulator.ActiveCfg = Release|Any CPU
		{387BE2DF-C27F-49D2-83E4-B529E99933EF}.Ad-Hoc|iPhoneSimulator.Build.0 = Release|Any CPU
		{387BE2DF-C27F-49D2-83E4-B529E99933EF}.Ad-Hoc|x64.ActiveCfg = Release|Any CPU
		{387BE2DF-C27F-49D2-83E4-B529E99933EF}.Ad-Hoc|x64.Build.0 = Release|Any CPU
		{387BE2DF-C27F-49D2-83E4-B529E99933EF}.Ad-Hoc|x86.ActiveCfg = Release|Any CPU
		{387BE2DF-C27F-49D2-83E4-B529E99933EF}.Ad-Hoc|x86.Build.0 = Release|Any CPU
		{387BE2DF-C27F-49D2-83E4-B529E99933EF}.AppStore|Any CPU.ActiveCfg = Release|Any CPU
		{387BE2DF-C27F-49D2-83E4-B529E99933EF}.AppStore|Any CPU.Build.0 = Release|Any CPU
		{387BE2DF-C27F-49D2-83E4-B529E99933EF}.AppStore|ARM.ActiveCfg = Release|Any CPU
		{387BE2DF-C27F-49D2-83E4-B529E99933EF}.AppStore|ARM.Build.0 = Release|Any CPU
		{387BE2DF-C27F-49D2-83E4-B529E99933EF}.AppStore|iPhone.ActiveCfg = Release|Any CPU
		{387BE2DF-C27F-49D2-83E4-B529E99933EF}.AppStore|iPhone.Build.0 = Release|Any CPU
		{387BE2DF-C27F-49D2-83E4-B529E99933EF}.AppStore|iPhoneSimulator.ActiveCfg = Release|Any CPU
		{387BE2DF-C27F-49D2-83E4-B529E99933EF}.AppStore|iPhoneSimulator.Build.0 = Release|Any CPU
		{387BE2DF-C27F-49D2-83E4-B529E99933EF}.AppStore|x64.ActiveCfg = Release|Any CPU
		{387BE2DF-C27F-49D2-83E4-B529E99933EF}.AppStore|x64.Build.0 = Release|Any CPU
		{387BE2DF-C27F-49D2-83E4-B529E99933EF}.AppStore|x86.ActiveCfg = Release|Any CPU
		{387BE2DF-C27F-49D2-83E4-B529E99933EF}.AppStore|x86.Build.0 = Release|Any CPU
		{387BE2DF-C27F-49D2-83E4-B529E99933EF}.Debug|Any CPU.ActiveCfg = Debug|Any CPU
		{387BE2DF-C27F-49D2-83E4-B529E99933EF}.Debug|Any CPU.Build.0 = Debug|Any CPU
		{387BE2DF-C27F-49D2-83E4-B529E99933EF}.Debug|ARM.ActiveCfg = Debug|Any CPU
		{387BE2DF-C27F-49D2-83E4-B529E99933EF}.Debug|ARM.Build.0 = Debug|Any CPU
		{387BE2DF-C27F-49D2-83E4-B529E99933EF}.Debug|iPhone.ActiveCfg = Debug|Any CPU
		{387BE2DF-C27F-49D2-83E4-B529E99933EF}.Debug|iPhone.Build.0 = Debug|Any CPU
		{387BE2DF-C27F-49D2-83E4-B529E99933EF}.Debug|iPhoneSimulator.ActiveCfg = Debug|Any CPU
		{387BE2DF-C27F-49D2-83E4-B529E99933EF}.Debug|iPhoneSimulator.Build.0 = Debug|Any CPU
		{387BE2DF-C27F-49D2-83E4-B529E99933EF}.Debug|x64.ActiveCfg = Debug|Any CPU
		{387BE2DF-C27F-49D2-83E4-B529E99933EF}.Debug|x64.Build.0 = Debug|Any CPU
		{387BE2DF-C27F-49D2-83E4-B529E99933EF}.Debug|x86.ActiveCfg = Debug|Any CPU
		{387BE2DF-C27F-49D2-83E4-B529E99933EF}.Debug|x86.Build.0 = Debug|Any CPU
		{387BE2DF-C27F-49D2-83E4-B529E99933EF}.Release|Any CPU.ActiveCfg = Release|Any CPU
		{387BE2DF-C27F-49D2-83E4-B529E99933EF}.Release|Any CPU.Build.0 = Release|Any CPU
		{387BE2DF-C27F-49D2-83E4-B529E99933EF}.Release|ARM.ActiveCfg = Release|Any CPU
		{387BE2DF-C27F-49D2-83E4-B529E99933EF}.Release|ARM.Build.0 = Release|Any CPU
		{387BE2DF-C27F-49D2-83E4-B529E99933EF}.Release|iPhone.ActiveCfg = Release|Any CPU
		{387BE2DF-C27F-49D2-83E4-B529E99933EF}.Release|iPhone.Build.0 = Release|Any CPU
		{387BE2DF-C27F-49D2-83E4-B529E99933EF}.Release|iPhoneSimulator.ActiveCfg = Release|Any CPU
		{387BE2DF-C27F-49D2-83E4-B529E99933EF}.Release|iPhoneSimulator.Build.0 = Release|Any CPU
		{387BE2DF-C27F-49D2-83E4-B529E99933EF}.Release|x64.ActiveCfg = Release|Any CPU
		{387BE2DF-C27F-49D2-83E4-B529E99933EF}.Release|x64.Build.0 = Release|Any CPU
		{387BE2DF-C27F-49D2-83E4-B529E99933EF}.Release|x86.ActiveCfg = Release|Any CPU
		{387BE2DF-C27F-49D2-83E4-B529E99933EF}.Release|x86.Build.0 = Release|Any CPU
	EndGlobalSection
	GlobalSection(SolutionProperties) = preSolution
		HideSolutionNode = FALSE
	EndGlobalSection
EndGlobal
